// !$*UTF8*$!
{
	archiveVersion = 1;
	classes = {
	};
	objectVersion = 56;
	objects = {

/* Begin PBXBuildFile section */
		712478E82926C6DD003D1204 /* intro.mp4 in Resources */ = {isa = PBXBuildFile; fileRef = 712478E72926C6DD003D1204 /* intro.mp4 */; };
		714E5219292534BB00472BDD /* SignUpController.swift in Sources */ = {isa = PBXBuildFile; fileRef = 714E5218292534BB00472BDD /* SignUpController.swift */; };
		714E521D2925412400472BDD /* GoogleService-Info.plist in Resources */ = {isa = PBXBuildFile; fileRef = 714E521C2925412400472BDD /* GoogleService-Info.plist */; };
		714E5220292543A800472BDD /* FirebaseAnalytics in Frameworks */ = {isa = PBXBuildFile; productRef = 714E521F292543A800472BDD /* FirebaseAnalytics */; };
		714E5222292543A800472BDD /* FirebaseAnalyticsOnDeviceConversion in Frameworks */ = {isa = PBXBuildFile; productRef = 714E5221292543A800472BDD /* FirebaseAnalyticsOnDeviceConversion */; };
		714E5224292543A800472BDD /* FirebaseAnalyticsSwift in Frameworks */ = {isa = PBXBuildFile; productRef = 714E5223292543A800472BDD /* FirebaseAnalyticsSwift */; };
		714E5226292543A800472BDD /* FirebaseAnalyticsWithoutAdIdSupport in Frameworks */ = {isa = PBXBuildFile; productRef = 714E5225292543A800472BDD /* FirebaseAnalyticsWithoutAdIdSupport */; };
		714E5228292543A800472BDD /* FirebaseAppCheck in Frameworks */ = {isa = PBXBuildFile; productRef = 714E5227292543A800472BDD /* FirebaseAppCheck */; };
		714E522A292543A800472BDD /* FirebaseAppDistribution-Beta in Frameworks */ = {isa = PBXBuildFile; productRef = 714E5229292543A800472BDD /* FirebaseAppDistribution-Beta */; };
		714E522C292543A800472BDD /* FirebaseAuth in Frameworks */ = {isa = PBXBuildFile; productRef = 714E522B292543A800472BDD /* FirebaseAuth */; };
		714E522E292543A800472BDD /* FirebaseAuthCombine-Community in Frameworks */ = {isa = PBXBuildFile; productRef = 714E522D292543A800472BDD /* FirebaseAuthCombine-Community */; };
		714E5230292543A800472BDD /* FirebaseCrashlytics in Frameworks */ = {isa = PBXBuildFile; productRef = 714E522F292543A800472BDD /* FirebaseCrashlytics */; };
		714E5232292543A800472BDD /* FirebaseDatabase in Frameworks */ = {isa = PBXBuildFile; productRef = 714E5231292543A800472BDD /* FirebaseDatabase */; };
		714E5234292543A800472BDD /* FirebaseDatabaseSwift in Frameworks */ = {isa = PBXBuildFile; productRef = 714E5233292543A800472BDD /* FirebaseDatabaseSwift */; };
		714E5236292543A800472BDD /* FirebaseDynamicLinks in Frameworks */ = {isa = PBXBuildFile; productRef = 714E5235292543A800472BDD /* FirebaseDynamicLinks */; };
		714E5238292543A800472BDD /* FirebaseFirestore in Frameworks */ = {isa = PBXBuildFile; productRef = 714E5237292543A800472BDD /* FirebaseFirestore */; };
		714E523A292543A800472BDD /* FirebaseFirestoreCombine-Community in Frameworks */ = {isa = PBXBuildFile; productRef = 714E5239292543A800472BDD /* FirebaseFirestoreCombine-Community */; };
		714E523C292543A800472BDD /* FirebaseFirestoreSwift in Frameworks */ = {isa = PBXBuildFile; productRef = 714E523B292543A800472BDD /* FirebaseFirestoreSwift */; };
		714E523E292543A800472BDD /* FirebaseFunctions in Frameworks */ = {isa = PBXBuildFile; productRef = 714E523D292543A800472BDD /* FirebaseFunctions */; };
		714E5240292543A800472BDD /* FirebaseFunctionsCombine-Community in Frameworks */ = {isa = PBXBuildFile; productRef = 714E523F292543A800472BDD /* FirebaseFunctionsCombine-Community */; };
		714E5242292543A800472BDD /* FirebaseInAppMessaging-Beta in Frameworks */ = {isa = PBXBuildFile; productRef = 714E5241292543A800472BDD /* FirebaseInAppMessaging-Beta */; };
		714E5244292543A800472BDD /* FirebaseInAppMessagingSwift-Beta in Frameworks */ = {isa = PBXBuildFile; productRef = 714E5243292543A800472BDD /* FirebaseInAppMessagingSwift-Beta */; };
		714E5246292543A800472BDD /* FirebaseInstallations in Frameworks */ = {isa = PBXBuildFile; productRef = 714E5245292543A800472BDD /* FirebaseInstallations */; };
		714E5248292543A800472BDD /* FirebaseMLModelDownloader in Frameworks */ = {isa = PBXBuildFile; productRef = 714E5247292543A800472BDD /* FirebaseMLModelDownloader */; };
		714E524A292543A800472BDD /* FirebaseMessaging in Frameworks */ = {isa = PBXBuildFile; productRef = 714E5249292543A800472BDD /* FirebaseMessaging */; };
		714E524C292543A800472BDD /* FirebasePerformance in Frameworks */ = {isa = PBXBuildFile; productRef = 714E524B292543A800472BDD /* FirebasePerformance */; };
		714E524E292543A800472BDD /* FirebaseRemoteConfig in Frameworks */ = {isa = PBXBuildFile; productRef = 714E524D292543A800472BDD /* FirebaseRemoteConfig */; };
		714E5250292543A800472BDD /* FirebaseRemoteConfigSwift in Frameworks */ = {isa = PBXBuildFile; productRef = 714E524F292543A800472BDD /* FirebaseRemoteConfigSwift */; };
		714E5252292543A800472BDD /* FirebaseStorage in Frameworks */ = {isa = PBXBuildFile; productRef = 714E5251292543A800472BDD /* FirebaseStorage */; };
		714E5254292543A800472BDD /* FirebaseStorageCombine-Community in Frameworks */ = {isa = PBXBuildFile; productRef = 714E5253292543A800472BDD /* FirebaseStorageCombine-Community */; };
		714E5256292545FF00472BDD /* InscriptionController.swift in Sources */ = {isa = PBXBuildFile; fileRef = 714E5255292545FF00472BDD /* InscriptionController.swift */; };
		714E525829254C6600472BDD /* ExoController.swift in Sources */ = {isa = PBXBuildFile; fileRef = 714E525729254C6600472BDD /* ExoController.swift */; };
		7150C1152924FD9F00836A22 /* AppDelegate.swift in Sources */ = {isa = PBXBuildFile; fileRef = 7150C1142924FD9F00836A22 /* AppDelegate.swift */; };
		7150C1172924FD9F00836A22 /* SceneDelegate.swift in Sources */ = {isa = PBXBuildFile; fileRef = 7150C1162924FD9F00836A22 /* SceneDelegate.swift */; };
		7150C1192924FD9F00836A22 /* ViewController.swift in Sources */ = {isa = PBXBuildFile; fileRef = 7150C1182924FD9F00836A22 /* ViewController.swift */; };
		7150C11C2924FD9F00836A22 /* Main.storyboard in Resources */ = {isa = PBXBuildFile; fileRef = 7150C11A2924FD9F00836A22 /* Main.storyboard */; };
		7150C11E2924FDA000836A22 /* Assets.xcassets in Resources */ = {isa = PBXBuildFile; fileRef = 7150C11D2924FDA000836A22 /* Assets.xcassets */; };
		7150C1212924FDA000836A22 /* LaunchScreen.storyboard in Resources */ = {isa = PBXBuildFile; fileRef = 7150C11F2924FDA000836A22 /* LaunchScreen.storyboard */; };
		717A2F3729252CC900C1B523 /* LoginController.swift in Sources */ = {isa = PBXBuildFile; fileRef = 717A2F3629252CC900C1B523 /* LoginController.swift */; };
		835D748A292691D100D02A8A /* DetailViewController.swift in Sources */ = {isa = PBXBuildFile; fileRef = 835D7489292691D100D02A8A /* DetailViewController.swift */; };
		8415D9862926898B00B37B53 /* ExercicesViewController.swift in Sources */ = {isa = PBXBuildFile; fileRef = 8415D9852926898B00B37B53 /* ExercicesViewController.swift */; };
/* End PBXBuildFile section */

/* Begin PBXFileReference section */
		712478E72926C6DD003D1204 /* intro.mp4 */ = {isa = PBXFileReference; lastKnownFileType = file; name = intro.mp4; path = ../../../../Desktop/intro.mp4; sourceTree = "<group>"; };
		714E5218292534BB00472BDD /* SignUpController.swift */ = {isa = PBXFileReference; lastKnownFileType = sourcecode.swift; path = SignUpController.swift; sourceTree = "<group>"; };
		714E521C2925412400472BDD /* GoogleService-Info.plist */ = {isa = PBXFileReference; fileEncoding = 4; lastKnownFileType = text.plist.xml; path = "GoogleService-Info.plist"; sourceTree = "<group>"; };
		714E5255292545FF00472BDD /* InscriptionController.swift */ = {isa = PBXFileReference; lastKnownFileType = sourcecode.swift; path = InscriptionController.swift; sourceTree = "<group>"; };
		714E525729254C6600472BDD /* ExoController.swift */ = {isa = PBXFileReference; lastKnownFileType = sourcecode.swift; path = ExoController.swift; sourceTree = "<group>"; };
		7150C1112924FD9F00836A22 /* ProjetFitHelp.app */ = {isa = PBXFileReference; explicitFileType = wrapper.application; includeInIndex = 0; path = ProjetFitHelp.app; sourceTree = BUILT_PRODUCTS_DIR; };
		7150C1142924FD9F00836A22 /* AppDelegate.swift */ = {isa = PBXFileReference; lastKnownFileType = sourcecode.swift; path = AppDelegate.swift; sourceTree = "<group>"; };
		7150C1162924FD9F00836A22 /* SceneDelegate.swift */ = {isa = PBXFileReference; lastKnownFileType = sourcecode.swift; path = SceneDelegate.swift; sourceTree = "<group>"; };
		7150C1182924FD9F00836A22 /* ViewController.swift */ = {isa = PBXFileReference; lastKnownFileType = sourcecode.swift; path = ViewController.swift; sourceTree = "<group>"; };
		7150C11B2924FD9F00836A22 /* Base */ = {isa = PBXFileReference; lastKnownFileType = file.storyboard; name = Base; path = Base.lproj/Main.storyboard; sourceTree = "<group>"; };
		7150C11D2924FDA000836A22 /* Assets.xcassets */ = {isa = PBXFileReference; lastKnownFileType = folder.assetcatalog; path = Assets.xcassets; sourceTree = "<group>"; };
		7150C1202924FDA000836A22 /* Base */ = {isa = PBXFileReference; lastKnownFileType = file.storyboard; name = Base; path = Base.lproj/LaunchScreen.storyboard; sourceTree = "<group>"; };
		7150C1222924FDA000836A22 /* Info.plist */ = {isa = PBXFileReference; lastKnownFileType = text.plist.xml; path = Info.plist; sourceTree = "<group>"; };
		717A2F3629252CC900C1B523 /* LoginController.swift */ = {isa = PBXFileReference; fileEncoding = 4; lastKnownFileType = sourcecode.swift; path = LoginController.swift; sourceTree = "<group>"; };
		835D7489292691D100D02A8A /* DetailViewController.swift */ = {isa = PBXFileReference; lastKnownFileType = sourcecode.swift; path = DetailViewController.swift; sourceTree = "<group>"; };
		8415D9852926898B00B37B53 /* ExercicesViewController.swift */ = {isa = PBXFileReference; lastKnownFileType = sourcecode.swift; path = ExercicesViewController.swift; sourceTree = "<group>"; };
/* End PBXFileReference section */

/* Begin PBXFrameworksBuildPhase section */
		7150C10E2924FD9F00836A22 /* Frameworks */ = {
			isa = PBXFrameworksBuildPhase;
			buildActionMask = 2147483647;
			files = (
				714E5232292543A800472BDD /* FirebaseDatabase in Frameworks */,
				714E5240292543A800472BDD /* FirebaseFunctionsCombine-Community in Frameworks */,
				714E5238292543A800472BDD /* FirebaseFirestore in Frameworks */,
				714E5224292543A800472BDD /* FirebaseAnalyticsSwift in Frameworks */,
				714E5220292543A800472BDD /* FirebaseAnalytics in Frameworks */,
				714E5222292543A800472BDD /* FirebaseAnalyticsOnDeviceConversion in Frameworks */,
				714E5248292543A800472BDD /* FirebaseMLModelDownloader in Frameworks */,
				714E523C292543A800472BDD /* FirebaseFirestoreSwift in Frameworks */,
				714E5228292543A800472BDD /* FirebaseAppCheck in Frameworks */,
				714E5226292543A800472BDD /* FirebaseAnalyticsWithoutAdIdSupport in Frameworks */,
				714E522C292543A800472BDD /* FirebaseAuth in Frameworks */,
				714E5230292543A800472BDD /* FirebaseCrashlytics in Frameworks */,
				714E5250292543A800472BDD /* FirebaseRemoteConfigSwift in Frameworks */,
				714E5242292543A800472BDD /* FirebaseInAppMessaging-Beta in Frameworks */,
				714E5234292543A800472BDD /* FirebaseDatabaseSwift in Frameworks */,
				714E523E292543A800472BDD /* FirebaseFunctions in Frameworks */,
				714E5254292543A800472BDD /* FirebaseStorageCombine-Community in Frameworks */,
				714E524E292543A800472BDD /* FirebaseRemoteConfig in Frameworks */,
				714E522A292543A800472BDD /* FirebaseAppDistribution-Beta in Frameworks */,
				714E522E292543A800472BDD /* FirebaseAuthCombine-Community in Frameworks */,
				714E524C292543A800472BDD /* FirebasePerformance in Frameworks */,
				714E5244292543A800472BDD /* FirebaseInAppMessagingSwift-Beta in Frameworks */,
				714E5252292543A800472BDD /* FirebaseStorage in Frameworks */,
				714E5236292543A800472BDD /* FirebaseDynamicLinks in Frameworks */,
				714E523A292543A800472BDD /* FirebaseFirestoreCombine-Community in Frameworks */,
				714E524A292543A800472BDD /* FirebaseMessaging in Frameworks */,
				714E5246292543A800472BDD /* FirebaseInstallations in Frameworks */,
			);
			runOnlyForDeploymentPostprocessing = 0;
		};
/* End PBXFrameworksBuildPhase section */

/* Begin PBXGroup section */
		7150C1082924FD9F00836A22 = {
			isa = PBXGroup;
			children = (
				7150C1132924FD9F00836A22 /* ProjetFitHelp */,
				7150C1122924FD9F00836A22 /* Products */,
			);
			sourceTree = "<group>";
		};
		7150C1122924FD9F00836A22 /* Products */ = {
			isa = PBXGroup;
			children = (
				7150C1112924FD9F00836A22 /* ProjetFitHelp.app */,
			);
			name = Products;
			sourceTree = "<group>";
		};
		7150C1132924FD9F00836A22 /* ProjetFitHelp */ = {
			isa = PBXGroup;
			children = (
				7150C1142924FD9F00836A22 /* AppDelegate.swift */,
				7150C1162924FD9F00836A22 /* SceneDelegate.swift */,
				717A2F3629252CC900C1B523 /* LoginController.swift */,
				835D7489292691D100D02A8A /* DetailViewController.swift */,
				714E5255292545FF00472BDD /* InscriptionController.swift */,
				7150C1182924FD9F00836A22 /* ViewController.swift */,
				7150C11A2924FD9F00836A22 /* Main.storyboard */,
				8415D9852926898B00B37B53 /* ExercicesViewController.swift */,
				714E525729254C6600472BDD /* ExoController.swift */,
				714E5218292534BB00472BDD /* SignUpController.swift */,
				7150C11D2924FDA000836A22 /* Assets.xcassets */,
				7150C11F2924FDA000836A22 /* LaunchScreen.storyboard */,
				712478E72926C6DD003D1204 /* intro.mp4 */,
				7150C1222924FDA000836A22 /* Info.plist */,
				714E521C2925412400472BDD /* GoogleService-Info.plist */,
			);
			path = ProjetFitHelp;
			sourceTree = "<group>";
		};
/* End PBXGroup section */

/* Begin PBXNativeTarget section */
		7150C1102924FD9F00836A22 /* ProjetFitHelp */ = {
			isa = PBXNativeTarget;
			buildConfigurationList = 7150C1252924FDA000836A22 /* Build configuration list for PBXNativeTarget "ProjetFitHelp" */;
			buildPhases = (
				7150C10D2924FD9F00836A22 /* Sources */,
				7150C10E2924FD9F00836A22 /* Frameworks */,
				7150C10F2924FD9F00836A22 /* Resources */,
			);
			buildRules = (
			);
			dependencies = (
			);
			name = ProjetFitHelp;
			packageProductDependencies = (
				714E521F292543A800472BDD /* FirebaseAnalytics */,
				714E5221292543A800472BDD /* FirebaseAnalyticsOnDeviceConversion */,
				714E5223292543A800472BDD /* FirebaseAnalyticsSwift */,
				714E5225292543A800472BDD /* FirebaseAnalyticsWithoutAdIdSupport */,
				714E5227292543A800472BDD /* FirebaseAppCheck */,
				714E5229292543A800472BDD /* FirebaseAppDistribution-Beta */,
				714E522B292543A800472BDD /* FirebaseAuth */,
				714E522D292543A800472BDD /* FirebaseAuthCombine-Community */,
				714E522F292543A800472BDD /* FirebaseCrashlytics */,
				714E5231292543A800472BDD /* FirebaseDatabase */,
				714E5233292543A800472BDD /* FirebaseDatabaseSwift */,
				714E5235292543A800472BDD /* FirebaseDynamicLinks */,
				714E5237292543A800472BDD /* FirebaseFirestore */,
				714E5239292543A800472BDD /* FirebaseFirestoreCombine-Community */,
				714E523B292543A800472BDD /* FirebaseFirestoreSwift */,
				714E523D292543A800472BDD /* FirebaseFunctions */,
				714E523F292543A800472BDD /* FirebaseFunctionsCombine-Community */,
				714E5241292543A800472BDD /* FirebaseInAppMessaging-Beta */,
				714E5243292543A800472BDD /* FirebaseInAppMessagingSwift-Beta */,
				714E5245292543A800472BDD /* FirebaseInstallations */,
				714E5247292543A800472BDD /* FirebaseMLModelDownloader */,
				714E5249292543A800472BDD /* FirebaseMessaging */,
				714E524B292543A800472BDD /* FirebasePerformance */,
				714E524D292543A800472BDD /* FirebaseRemoteConfig */,
				714E524F292543A800472BDD /* FirebaseRemoteConfigSwift */,
				714E5251292543A800472BDD /* FirebaseStorage */,
				714E5253292543A800472BDD /* FirebaseStorageCombine-Community */,
			);
			productName = ProjetFitHelp;
			productReference = 7150C1112924FD9F00836A22 /* ProjetFitHelp.app */;
			productType = "com.apple.product-type.application";
		};
/* End PBXNativeTarget section */

/* Begin PBXProject section */
		7150C1092924FD9F00836A22 /* Project object */ = {
			isa = PBXProject;
			attributes = {
				BuildIndependentTargetsInParallel = 1;
				LastSwiftUpdateCheck = 1410;
				LastUpgradeCheck = 1410;
				TargetAttributes = {
					7150C1102924FD9F00836A22 = {
						CreatedOnToolsVersion = 14.1;
					};
				};
			};
			buildConfigurationList = 7150C10C2924FD9F00836A22 /* Build configuration list for PBXProject "ProjetFitHelp" */;
			compatibilityVersion = "Xcode 14.0";
			developmentRegion = en;
			hasScannedForEncodings = 0;
			knownRegions = (
				en,
				Base,
			);
			mainGroup = 7150C1082924FD9F00836A22;
			packageReferences = (
				714E521E292543A800472BDD /* XCRemoteSwiftPackageReference "firebase-ios-sdk" */,
			);
			productRefGroup = 7150C1122924FD9F00836A22 /* Products */;
			projectDirPath = "";
			projectRoot = "";
			targets = (
				7150C1102924FD9F00836A22 /* ProjetFitHelp */,
			);
		};
/* End PBXProject section */

/* Begin PBXResourcesBuildPhase section */
		7150C10F2924FD9F00836A22 /* Resources */ = {
			isa = PBXResourcesBuildPhase;
			buildActionMask = 2147483647;
			files = (
				7150C1212924FDA000836A22 /* LaunchScreen.storyboard in Resources */,
				714E521D2925412400472BDD /* GoogleService-Info.plist in Resources */,
				712478E82926C6DD003D1204 /* intro.mp4 in Resources */,
				7150C11E2924FDA000836A22 /* Assets.xcassets in Resources */,
				7150C11C2924FD9F00836A22 /* Main.storyboard in Resources */,
			);
			runOnlyForDeploymentPostprocessing = 0;
		};
/* End PBXResourcesBuildPhase section */

/* Begin PBXSourcesBuildPhase section */
		7150C10D2924FD9F00836A22 /* Sources */ = {
			isa = PBXSourcesBuildPhase;
			buildActionMask = 2147483647;
			files = (
				835D748A292691D100D02A8A /* DetailViewController.swift in Sources */,
				714E5219292534BB00472BDD /* SignUpController.swift in Sources */,
				717A2F3729252CC900C1B523 /* LoginController.swift in Sources */,
				8415D9862926898B00B37B53 /* ExercicesViewController.swift in Sources */,
				714E525829254C6600472BDD /* ExoController.swift in Sources */,
				7150C1192924FD9F00836A22 /* ViewController.swift in Sources */,
				7150C1152924FD9F00836A22 /* AppDelegate.swift in Sources */,
				714E5256292545FF00472BDD /* InscriptionController.swift in Sources */,
				7150C1172924FD9F00836A22 /* SceneDelegate.swift in Sources */,
			);
			runOnlyForDeploymentPostprocessing = 0;
		};
/* End PBXSourcesBuildPhase section */

/* Begin PBXVariantGroup section */
		7150C11A2924FD9F00836A22 /* Main.storyboard */ = {
			isa = PBXVariantGroup;
			children = (
				7150C11B2924FD9F00836A22 /* Base */,
			);
			name = Main.storyboard;
			sourceTree = "<group>";
		};
		7150C11F2924FDA000836A22 /* LaunchScreen.storyboard */ = {
			isa = PBXVariantGroup;
			children = (
				7150C1202924FDA000836A22 /* Base */,
			);
			name = LaunchScreen.storyboard;
			sourceTree = "<group>";
		};
/* End PBXVariantGroup section */

/* Begin XCBuildConfiguration section */
		7150C1232924FDA000836A22 /* Debug */ = {
			isa = XCBuildConfiguration;
			buildSettings = {
				ALWAYS_SEARCH_USER_PATHS = NO;
				CLANG_ANALYZER_NONNULL = YES;
				CLANG_ANALYZER_NUMBER_OBJECT_CONVERSION = YES_AGGRESSIVE;
				CLANG_CXX_LANGUAGE_STANDARD = "gnu++20";
				CLANG_ENABLE_MODULES = YES;
				CLANG_ENABLE_OBJC_ARC = YES;
				CLANG_ENABLE_OBJC_WEAK = YES;
				CLANG_WARN_BLOCK_CAPTURE_AUTORELEASING = YES;
				CLANG_WARN_BOOL_CONVERSION = YES;
				CLANG_WARN_COMMA = YES;
				CLANG_WARN_CONSTANT_CONVERSION = YES;
				CLANG_WARN_DEPRECATED_OBJC_IMPLEMENTATIONS = YES;
				CLANG_WARN_DIRECT_OBJC_ISA_USAGE = YES_ERROR;
				CLANG_WARN_DOCUMENTATION_COMMENTS = YES;
				CLANG_WARN_EMPTY_BODY = YES;
				CLANG_WARN_ENUM_CONVERSION = YES;
				CLANG_WARN_INFINITE_RECURSION = YES;
				CLANG_WARN_INT_CONVERSION = YES;
				CLANG_WARN_NON_LITERAL_NULL_CONVERSION = YES;
				CLANG_WARN_OBJC_IMPLICIT_RETAIN_SELF = YES;
				CLANG_WARN_OBJC_LITERAL_CONVERSION = YES;
				CLANG_WARN_OBJC_ROOT_CLASS = YES_ERROR;
				CLANG_WARN_QUOTED_INCLUDE_IN_FRAMEWORK_HEADER = YES;
				CLANG_WARN_RANGE_LOOP_ANALYSIS = YES;
				CLANG_WARN_STRICT_PROTOTYPES = YES;
				CLANG_WARN_SUSPICIOUS_MOVE = YES;
				CLANG_WARN_UNGUARDED_AVAILABILITY = YES_AGGRESSIVE;
				CLANG_WARN_UNREACHABLE_CODE = YES;
				CLANG_WARN__DUPLICATE_METHOD_MATCH = YES;
				COPY_PHASE_STRIP = NO;
				DEBUG_INFORMATION_FORMAT = dwarf;
				ENABLE_STRICT_OBJC_MSGSEND = YES;
				ENABLE_TESTABILITY = YES;
				GCC_C_LANGUAGE_STANDARD = gnu11;
				GCC_DYNAMIC_NO_PIC = NO;
				GCC_NO_COMMON_BLOCKS = YES;
				GCC_OPTIMIZATION_LEVEL = 0;
				GCC_PREPROCESSOR_DEFINITIONS = (
					"DEBUG=1",
					"$(inherited)",
				);
				GCC_WARN_64_TO_32_BIT_CONVERSION = YES;
				GCC_WARN_ABOUT_RETURN_TYPE = YES_ERROR;
				GCC_WARN_UNDECLARED_SELECTOR = YES;
				GCC_WARN_UNINITIALIZED_AUTOS = YES_AGGRESSIVE;
				GCC_WARN_UNUSED_FUNCTION = YES;
				GCC_WARN_UNUSED_VARIABLE = YES;
				IPHONEOS_DEPLOYMENT_TARGET = 16.1;
				MTL_ENABLE_DEBUG_INFO = INCLUDE_SOURCE;
				MTL_FAST_MATH = YES;
				ONLY_ACTIVE_ARCH = YES;
				SDKROOT = iphoneos;
				SWIFT_ACTIVE_COMPILATION_CONDITIONS = DEBUG;
				SWIFT_OPTIMIZATION_LEVEL = "-Onone";
			};
			name = Debug;
		};
		7150C1242924FDA000836A22 /* Release */ = {
			isa = XCBuildConfiguration;
			buildSettings = {
				ALWAYS_SEARCH_USER_PATHS = NO;
				CLANG_ANALYZER_NONNULL = YES;
				CLANG_ANALYZER_NUMBER_OBJECT_CONVERSION = YES_AGGRESSIVE;
				CLANG_CXX_LANGUAGE_STANDARD = "gnu++20";
				CLANG_ENABLE_MODULES = YES;
				CLANG_ENABLE_OBJC_ARC = YES;
				CLANG_ENABLE_OBJC_WEAK = YES;
				CLANG_WARN_BLOCK_CAPTURE_AUTORELEASING = YES;
				CLANG_WARN_BOOL_CONVERSION = YES;
				CLANG_WARN_COMMA = YES;
				CLANG_WARN_CONSTANT_CONVERSION = YES;
				CLANG_WARN_DEPRECATED_OBJC_IMPLEMENTATIONS = YES;
				CLANG_WARN_DIRECT_OBJC_ISA_USAGE = YES_ERROR;
				CLANG_WARN_DOCUMENTATION_COMMENTS = YES;
				CLANG_WARN_EMPTY_BODY = YES;
				CLANG_WARN_ENUM_CONVERSION = YES;
				CLANG_WARN_INFINITE_RECURSION = YES;
				CLANG_WARN_INT_CONVERSION = YES;
				CLANG_WARN_NON_LITERAL_NULL_CONVERSION = YES;
				CLANG_WARN_OBJC_IMPLICIT_RETAIN_SELF = YES;
				CLANG_WARN_OBJC_LITERAL_CONVERSION = YES;
				CLANG_WARN_OBJC_ROOT_CLASS = YES_ERROR;
				CLANG_WARN_QUOTED_INCLUDE_IN_FRAMEWORK_HEADER = YES;
				CLANG_WARN_RANGE_LOOP_ANALYSIS = YES;
				CLANG_WARN_STRICT_PROTOTYPES = YES;
				CLANG_WARN_SUSPICIOUS_MOVE = YES;
				CLANG_WARN_UNGUARDED_AVAILABILITY = YES_AGGRESSIVE;
				CLANG_WARN_UNREACHABLE_CODE = YES;
				CLANG_WARN__DUPLICATE_METHOD_MATCH = YES;
				COPY_PHASE_STRIP = NO;
				DEBUG_INFORMATION_FORMAT = "dwarf-with-dsym";
				ENABLE_NS_ASSERTIONS = NO;
				ENABLE_STRICT_OBJC_MSGSEND = YES;
				GCC_C_LANGUAGE_STANDARD = gnu11;
				GCC_NO_COMMON_BLOCKS = YES;
				GCC_WARN_64_TO_32_BIT_CONVERSION = YES;
				GCC_WARN_ABOUT_RETURN_TYPE = YES_ERROR;
				GCC_WARN_UNDECLARED_SELECTOR = YES;
				GCC_WARN_UNINITIALIZED_AUTOS = YES_AGGRESSIVE;
				GCC_WARN_UNUSED_FUNCTION = YES;
				GCC_WARN_UNUSED_VARIABLE = YES;
				IPHONEOS_DEPLOYMENT_TARGET = 16.1;
				MTL_ENABLE_DEBUG_INFO = NO;
				MTL_FAST_MATH = YES;
				SDKROOT = iphoneos;
				SWIFT_COMPILATION_MODE = wholemodule;
				SWIFT_OPTIMIZATION_LEVEL = "-O";
				VALIDATE_PRODUCT = YES;
			};
			name = Release;
		};
		7150C1262924FDA000836A22 /* Debug */ = {
			isa = XCBuildConfiguration;
			buildSettings = {
				ASSETCATALOG_COMPILER_APPICON_NAME = AppIcon;
				ASSETCATALOG_COMPILER_GLOBAL_ACCENT_COLOR_NAME = AccentColor;
				CODE_SIGN_STYLE = Automatic;
				CURRENT_PROJECT_VERSION = 1;
				GENERATE_INFOPLIST_FILE = YES;
				INFOPLIST_FILE = ProjetFitHelp/Info.plist;
				INFOPLIST_KEY_UIApplicationSupportsIndirectInputEvents = YES;
				INFOPLIST_KEY_UILaunchStoryboardName = LaunchScreen;
				INFOPLIST_KEY_UIMainStoryboardFile = Main;
				INFOPLIST_KEY_UISupportedInterfaceOrientations_iPad = "UIInterfaceOrientationPortrait UIInterfaceOrientationPortraitUpsideDown UIInterfaceOrientationLandscapeLeft UIInterfaceOrientationLandscapeRight";
				INFOPLIST_KEY_UISupportedInterfaceOrientations_iPhone = "UIInterfaceOrientationPortrait UIInterfaceOrientationLandscapeLeft UIInterfaceOrientationLandscapeRight";
				LD_RUNPATH_SEARCH_PATHS = (
					"$(inherited)",
					"@executable_path/Frameworks",
				);
				MARKETING_VERSION = 1.0;
				PRODUCT_BUNDLE_IDENTIFIER = naxmachi.ProjetFitHelp;
				PRODUCT_NAME = "$(TARGET_NAME)";
				SWIFT_EMIT_LOC_STRINGS = YES;
				SWIFT_VERSION = 5.0;
				TARGETED_DEVICE_FAMILY = "1,2";
			};
			name = Debug;
		};
		7150C1272924FDA000836A22 /* Release */ = {
			isa = XCBuildConfiguration;
			buildSettings = {
				ASSETCATALOG_COMPILER_APPICON_NAME = AppIcon;
				ASSETCATALOG_COMPILER_GLOBAL_ACCENT_COLOR_NAME = AccentColor;
				CODE_SIGN_STYLE = Automatic;
				CURRENT_PROJECT_VERSION = 1;
				GENERATE_INFOPLIST_FILE = YES;
				INFOPLIST_FILE = ProjetFitHelp/Info.plist;
				INFOPLIST_KEY_UIApplicationSupportsIndirectInputEvents = YES;
				INFOPLIST_KEY_UILaunchStoryboardName = LaunchScreen;
				INFOPLIST_KEY_UIMainStoryboardFile = Main;
				INFOPLIST_KEY_UISupportedInterfaceOrientations_iPad = "UIInterfaceOrientationPortrait UIInterfaceOrientationPortraitUpsideDown UIInterfaceOrientationLandscapeLeft UIInterfaceOrientationLandscapeRight";
				INFOPLIST_KEY_UISupportedInterfaceOrientations_iPhone = "UIInterfaceOrientationPortrait UIInterfaceOrientationLandscapeLeft UIInterfaceOrientationLandscapeRight";
				LD_RUNPATH_SEARCH_PATHS = (
					"$(inherited)",
					"@executable_path/Frameworks",
				);
				MARKETING_VERSION = 1.0;
				PRODUCT_BUNDLE_IDENTIFIER = naxmachi.ProjetFitHelp;
				PRODUCT_NAME = "$(TARGET_NAME)";
				SWIFT_EMIT_LOC_STRINGS = YES;
				SWIFT_VERSION = 5.0;
				TARGETED_DEVICE_FAMILY = "1,2";
			};
			name = Release;
		};
/* End XCBuildConfiguration section */

/* Begin XCConfigurationList section */
		7150C10C2924FD9F00836A22 /* Build configuration list for PBXProject "ProjetFitHelp" */ = {
			isa = XCConfigurationList;
			buildConfigurations = (
				7150C1232924FDA000836A22 /* Debug */,
				7150C1242924FDA000836A22 /* Release */,
			);
			defaultConfigurationIsVisible = 0;
			defaultConfigurationName = Release;
		};
		7150C1252924FDA000836A22 /* Build configuration list for PBXNativeTarget "ProjetFitHelp" */ = {
			isa = XCConfigurationList;
			buildConfigurations = (
				7150C1262924FDA000836A22 /* Debug */,
				7150C1272924FDA000836A22 /* Release */,
			);
			defaultConfigurationIsVisible = 0;
			defaultConfigurationName = Release;
		};
/* End XCConfigurationList section */

/* Begin XCRemoteSwiftPackageReference section */
		714E521E292543A800472BDD /* XCRemoteSwiftPackageReference "firebase-ios-sdk" */ = {
			isa = XCRemoteSwiftPackageReference;
			repositoryURL = "https://github.com/firebase/firebase-ios-sdk";
			requirement = {
				kind = upToNextMajorVersion;
				minimumVersion = 9.0.0;
			};
		};
/* End XCRemoteSwiftPackageReference section */

/* Begin XCSwiftPackageProductDependency section */
		714E521F292543A800472BDD /* FirebaseAnalytics */ = {
			isa = XCSwiftPackageProductDependency;
			package = 714E521E292543A800472BDD /* XCRemoteSwiftPackageReference "firebase-ios-sdk" */;
			productName = FirebaseAnalytics;
		};
		714E5221292543A800472BDD /* FirebaseAnalyticsOnDeviceConversion */ = {
			isa = XCSwiftPackageProductDependency;
			package = 714E521E292543A800472BDD /* XCRemoteSwiftPackageReference "firebase-ios-sdk" */;
			productName = FirebaseAnalyticsOnDeviceConversion;
		};
		714E5223292543A800472BDD /* FirebaseAnalyticsSwift */ = {
			isa = XCSwiftPackageProductDependency;
			package = 714E521E292543A800472BDD /* XCRemoteSwiftPackageReference "firebase-ios-sdk" */;
			productName = FirebaseAnalyticsSwift;
		};
		714E5225292543A800472BDD /* FirebaseAnalyticsWithoutAdIdSupport */ = {
			isa = XCSwiftPackageProductDependency;
			package = 714E521E292543A800472BDD /* XCRemoteSwiftPackageReference "firebase-ios-sdk" */;
			productName = FirebaseAnalyticsWithoutAdIdSupport;
		};
		714E5227292543A800472BDD /* FirebaseAppCheck */ = {
			isa = XCSwiftPackageProductDependency;
			package = 714E521E292543A800472BDD /* XCRemoteSwiftPackageReference "firebase-ios-sdk" */;
			productName = FirebaseAppCheck;
		};
		714E5229292543A800472BDD /* FirebaseAppDistribution-Beta */ = {
			isa = XCSwiftPackageProductDependency;
			package = 714E521E292543A800472BDD /* XCRemoteSwiftPackageReference "firebase-ios-sdk" */;
			productName = "FirebaseAppDistribution-Beta";
		};
		714E522B292543A800472BDD /* FirebaseAuth */ = {
			isa = XCSwiftPackageProductDependency;
			package = 714E521E292543A800472BDD /* XCRemoteSwiftPackageReference "firebase-ios-sdk" */;
			productName = FirebaseAuth;
		};
		714E522D292543A800472BDD /* FirebaseAuthCombine-Community */ = {
			isa = XCSwiftPackageProductDependency;
			package = 714E521E292543A800472BDD /* XCRemoteSwiftPackageReference "firebase-ios-sdk" */;
			productName = "FirebaseAuthCombine-Community";
		};
		714E522F292543A800472BDD /* FirebaseCrashlytics */ = {
			isa = XCSwiftPackageProductDependency;
			package = 714E521E292543A800472BDD /* XCRemoteSwiftPackageReference "firebase-ios-sdk" */;
			productName = FirebaseCrashlytics;
		};
		714E5231292543A800472BDD /* FirebaseDatabase */ = {
			isa = XCSwiftPackageProductDependency;
			package = 714E521E292543A800472BDD /* XCRemoteSwiftPackageReference "firebase-ios-sdk" */;
			productName = FirebaseDatabase;
		};
		714E5233292543A800472BDD /* FirebaseDatabaseSwift */ = {
			isa = XCSwiftPackageProductDependency;
			package = 714E521E292543A800472BDD /* XCRemoteSwiftPackageReference "firebase-ios-sdk" */;
			productName = FirebaseDatabaseSwift;
		};
		714E5235292543A800472BDD /* FirebaseDynamicLinks */ = {
			isa = XCSwiftPackageProductDependency;
			package = 714E521E292543A800472BDD /* XCRemoteSwiftPackageReference "firebase-ios-sdk" */;
			productName = FirebaseDynamicLinks;
		};
		714E5237292543A800472BDD /* FirebaseFirestore */ = {
			isa = XCSwiftPackageProductDependency;
			package = 714E521E292543A800472BDD /* XCRemoteSwiftPackageReference "firebase-ios-sdk" */;
			productName = FirebaseFirestore;
		};
		714E5239292543A800472BDD /* FirebaseFirestoreCombine-Community */ = {
			isa = XCSwiftPackageProductDependency;
			package = 714E521E292543A800472BDD /* XCRemoteSwiftPackageReference "firebase-ios-sdk" */;
			productName = "FirebaseFirestoreCombine-Community";
		};
		714E523B292543A800472BDD /* FirebaseFirestoreSwift */ = {
			isa = XCSwiftPackageProductDependency;
			package = 714E521E292543A800472BDD /* XCRemoteSwiftPackageReference "firebase-ios-sdk" */;
			productName = FirebaseFirestoreSwift;
		};
		714E523D292543A800472BDD /* FirebaseFunctions */ = {
			isa = XCSwiftPackageProductDependency;
			package = 714E521E292543A800472BDD /* XCRemoteSwiftPackageReference "firebase-ios-sdk" */;
			productName = FirebaseFunctions;
		};
		714E523F292543A800472BDD /* FirebaseFunctionsCombine-Community */ = {
			isa = XCSwiftPackageProductDependency;
			package = 714E521E292543A800472BDD /* XCRemoteSwiftPackageReference "firebase-ios-sdk" */;
			productName = "FirebaseFunctionsCombine-Community";
		};
		714E5241292543A800472BDD /* FirebaseInAppMessaging-Beta */ = {
			isa = XCSwiftPackageProductDependency;
			package = 714E521E292543A800472BDD /* XCRemoteSwiftPackageReference "firebase-ios-sdk" */;
			productName = "FirebaseInAppMessaging-Beta";
		};
		714E5243292543A800472BDD /* FirebaseInAppMessagingSwift-Beta */ = {
			isa = XCSwiftPackageProductDependency;
			package = 714E521E292543A800472BDD /* XCRemoteSwiftPackageReference "firebase-ios-sdk" */;
			productName = "FirebaseInAppMessagingSwift-Beta";
		};
		714E5245292543A800472BDD /* FirebaseInstallations */ = {
			isa = XCSwiftPackageProductDependency;
			package = 714E521E292543A800472BDD /* XCRemoteSwiftPackageReference "firebase-ios-sdk" */;
			productName = FirebaseInstallations;
		};
		714E5247292543A800472BDD /* FirebaseMLModelDownloader */ = {
			isa = XCSwiftPackageProductDependency;
			package = 714E521E292543A800472BDD /* XCRemoteSwiftPackageReference "firebase-ios-sdk" */;
			productName = FirebaseMLModelDownloader;
		};
		714E5249292543A800472BDD /* FirebaseMessaging */ = {
			isa = XCSwiftPackageProductDependency;
			package = 714E521E292543A800472BDD /* XCRemoteSwiftPackageReference "firebase-ios-sdk" */;
			productName = FirebaseMessaging;
		};
		714E524B292543A800472BDD /* FirebasePerformance */ = {
			isa = XCSwiftPackageProductDependency;
			package = 714E521E292543A800472BDD /* XCRemoteSwiftPackageReference "firebase-ios-sdk" */;
			productName = FirebasePerformance;
		};
		714E524D292543A800472BDD /* FirebaseRemoteConfig */ = {
			isa = XCSwiftPackageProductDependency;
			package = 714E521E292543A800472BDD /* XCRemoteSwiftPackageReference "firebase-ios-sdk" */;
			productName = FirebaseRemoteConfig;
		};
		714E524F292543A800472BDD /* FirebaseRemoteConfigSwift */ = {
			isa = XCSwiftPackageProductDependency;
			package = 714E521E292543A800472BDD /* XCRemoteSwiftPackageReference "firebase-ios-sdk" */;
			productName = FirebaseRemoteConfigSwift;
		};
		714E5251292543A800472BDD /* FirebaseStorage */ = {
			isa = XCSwiftPackageProductDependency;
			package = 714E521E292543A800472BDD /* XCRemoteSwiftPackageReference "firebase-ios-sdk" */;
			productName = FirebaseStorage;
		};
		714E5253292543A800472BDD /* FirebaseStorageCombine-Community */ = {
			isa = XCSwiftPackageProductDependency;
			package = 714E521E292543A800472BDD /* XCRemoteSwiftPackageReference "firebase-ios-sdk" */;
			productName = "FirebaseStorageCombine-Community";
		};
/* End XCSwiftPackageProductDependency section */
	};
	rootObject = 7150C1092924FD9F00836A22 /* Project object */;
}
